
Microsoft Visual Studio Solution File, Format Version 12.00
# Visual Studio 15
VisualStudioVersion = 15.0.27703.2026
MinimumVisualStudioVersion = 10.0.40219.1
Project("{FAE04EC0-301F-11D3-BF4B-00C04F79EFBC}") = "QuickLoanAPI", "QuickLoanAPI\QuickLoanAPI.csproj", "{37B205DB-C9FE-4263-A3AE-DE5821540E2C}"
EndProject
Global
	GlobalSection(SolutionConfigurationPlatforms) = preSolution
		Debug|Any CPU = Debug|Any CPU
		Release|Any CPU = Release|Any CPU
	EndGlobalSection
	GlobalSection(ProjectConfigurationPlatforms) = postSolution
		{37B205DB-C9FE-4263-A3AE-DE5821540E2C}.Debug|Any CPU.ActiveCfg = Debug|Any CPU
		{37B205DB-C9FE-4263-A3AE-DE5821540E2C}.Debug|Any CPU.Build.0 = Debug|Any CPU
		{37B205DB-C9FE-4263-A3AE-DE5821540E2C}.Release|Any CPU.ActiveCfg = Release|Any CPU
		{37B205DB-C9FE-4263-A3AE-DE5821540E2C}.Release|Any CPU.Build.0 = Release|Any CPU
	EndGlobalSection
	GlobalSection(SolutionProperties) = preSolution
		HideSolutionNode = FALSE
	EndGlobalSection
	GlobalSection(ExtensibilityGlobals) = postSolution
		SolutionGuid = {F3757488-D1DF-4599-907E-4635DF419E94}
	EndGlobalSection
EndGlobal
